
Microsoft Visual Studio Solution File, Format Version 12.00
# Visual Studio Version 16
VisualStudioVersion = 16.0.30621.155
MinimumVisualStudioVersion = 10.0.40219.1
Project("{8BC9CEB8-8B4A-11D0-8D11-00A0C91BC942}") = "Program", "Program\Program.vcxproj", "{E1D3D533-CB40-49C1-A452-6817090345D8}"
EndProject
Project("{8BC9CEB8-8B4A-11D0-8D11-00A0C91BC942}") = "UnitTest", "UnitTest\UnitTest.vcxproj", "{75D06226-4702-452B-81DD-853B6CDEEE37}"
EndProject
Global
	GlobalSection(SolutionConfigurationPlatforms) = preSolution
		Debug|x64 = Debug|x64
		Debug|x86 = Debug|x86
		Release|x64 = Release|x64
		Release|x86 = Release|x86
	EndGlobalSection
	GlobalSection(ProjectConfigurationPlatforms) = postSolution
		{E1D3D533-CB40-49C1-A452-6817090345D8}.Debug|x64.ActiveCfg = Debug|x64
		{E1D3D533-CB40-49C1-A452-6817090345D8}.Debug|x64.Build.0 = Debug|x64
		{E1D3D533-CB40-49C1-A452-6817090345D8}.Debug|x86.ActiveCfg = Debug|Win32
		{E1D3D533-CB40-49C1-A452-6817090345D8}.Debug|x86.Build.0 = Debug|Win32
		{E1D3D533-CB40-49C1-A452-6817090345D8}.Release|x64.ActiveCfg = Release|x64
		{E1D3D533-CB40-49C1-A452-6817090345D8}.Release|x64.Build.0 = Release|x64
		{E1D3D533-CB40-49C1-A452-6817090345D8}.Release|x86.ActiveCfg = Release|Win32
		{E1D3D533-CB40-49C1-A452-6817090345D8}.Release|x86.Build.0 = Release|Win32
		{75D06226-4702-452B-81DD-853B6CDEEE37}.Debug|x64.ActiveCfg = Debug|x64
		{75D06226-4702-452B-81DD-853B6CDEEE37}.Debug|x64.Build.0 = Debug|x64
		{75D06226-4702-452B-81DD-853B6CDEEE37}.Debug|x86.ActiveCfg = Debug|Win32
		{75D06226-4702-452B-81DD-853B6CDEEE37}.Debug|x86.Build.0 = Debug|Win32
		{75D06226-4702-452B-81DD-853B6CDEEE37}.Release|x64.ActiveCfg = Release|x64
		{75D06226-4702-452B-81DD-853B6CDEEE37}.Release|x64.Build.0 = Release|x64
		{75D06226-4702-452B-81DD-853B6CDEEE37}.Release|x86.ActiveCfg = Release|Win32
		{75D06226-4702-452B-81DD-853B6CDEEE37}.Release|x86.Build.0 = Release|Win32
	EndGlobalSection
	GlobalSection(SolutionProperties) = preSolution
		HideSolutionNode = FALSE
	EndGlobalSection
	GlobalSection(ExtensibilityGlobals) = postSolution
		SolutionGuid = {42C23511-E5BB-4DE2-B93E-41ED8420F57F}
	EndGlobalSection
EndGlobal
